
Microsoft Visual Studio Solution File, Format Version 12.00
# Visual Studio Version 17
VisualStudioVersion = 17.13.35931.197
MinimumVisualStudioVersion = 10.0.40219.1
Project("{9A19103F-16F7-4668-BE54-9A1E7A4F7556}") = "WinFormsUI", "WinFormsUI\WinFormsUI.csproj", "{C75532C4-765B-418E-B09B-46D36B2ABDB1}"
EndProject
Project("{2150E333-8FDC-42A3-9474-1A3956D46DE8}") = "UnitTesting", "UnitTesting", "{0CA1B611-8907-4C9C-93A7-4133E7540B24}"
EndProject
Project("{9A19103F-16F7-4668-BE54-9A1E7A4F7556}") = "ThemeVS2015", "WinFormsUI\ThemeVS2015.csproj", "{007D4AC8-948F-4816-86AD-B9D1343672C1}"
EndProject
Project("{2150E333-8FDC-42A3-9474-1A3956D46DE8}") = "Themes", "Themes", "{91DA877F-E437-42C9-8FE5-E3709721BB8B}"
EndProject
Project("{2150E333-8FDC-42A3-9474-1A3956D46DE8}") = "Samples", "Samples", "{02EA681E-C7D8-13C7-8484-4AC65E1B71E8}"
EndProject
Project("{FAE04EC0-301F-11D3-BF4B-00C04F79EFBC}") = "DockSample", "DockSample\DockSample.csproj", "{6FFD9212-4B07-4FB0-A2BE-58D9C8D35D22}"
EndProject
Project("{FAE04EC0-301F-11D3-BF4B-00C04F79EFBC}") = "ThemeVS2022", "WinFormsUI\ThemeVS2022\ThemeVS2022.csproj", "{508479EC-DD20-46C0-9ECA-41D01F95BB18}"
EndProject
Project("{FAE04EC0-301F-11D3-BF4B-00C04F79EFBC}") = "ThemeVS2015", "WinFormsUI\ThemeVS2015\ThemeVS2015.csproj", "{FF38D9A4-02D4-8C77-F678-F683C1219D15}"
EndProject
Global
	GlobalSection(SolutionConfigurationPlatforms) = preSolution
		Debug|Any CPU = Debug|Any CPU
		Release|Any CPU = Release|Any CPU
	EndGlobalSection
	GlobalSection(ProjectConfigurationPlatforms) = postSolution
		{C75532C4-765B-418E-B09B-46D36B2ABDB1}.Debug|Any CPU.ActiveCfg = Debug|Any CPU
		{C75532C4-765B-418E-B09B-46D36B2ABDB1}.Debug|Any CPU.Build.0 = Debug|Any CPU
		{C75532C4-765B-418E-B09B-46D36B2ABDB1}.Release|Any CPU.ActiveCfg = Release|Any CPU
		{C75532C4-765B-418E-B09B-46D36B2ABDB1}.Release|Any CPU.Build.0 = Release|Any CPU
		{007D4AC8-948F-4816-86AD-B9D1343672C1}.Debug|Any CPU.ActiveCfg = Debug|Any CPU
		{007D4AC8-948F-4816-86AD-B9D1343672C1}.Debug|Any CPU.Build.0 = Debug|Any CPU
		{007D4AC8-948F-4816-86AD-B9D1343672C1}.Release|Any CPU.ActiveCfg = Release|Any CPU
		{007D4AC8-948F-4816-86AD-B9D1343672C1}.Release|Any CPU.Build.0 = Release|Any CPU
		{6FFD9212-4B07-4FB0-A2BE-58D9C8D35D22}.Debug|Any CPU.ActiveCfg = Debug|Any CPU
		{6FFD9212-4B07-4FB0-A2BE-58D9C8D35D22}.Debug|Any CPU.Build.0 = Debug|Any CPU
		{6FFD9212-4B07-4FB0-A2BE-58D9C8D35D22}.Release|Any CPU.ActiveCfg = Release|Any CPU
		{6FFD9212-4B07-4FB0-A2BE-58D9C8D35D22}.Release|Any CPU.Build.0 = Release|Any CPU
		{508479EC-DD20-46C0-9ECA-41D01F95BB18}.Debug|Any CPU.ActiveCfg = Debug|Any CPU
		{508479EC-DD20-46C0-9ECA-41D01F95BB18}.Debug|Any CPU.Build.0 = Debug|Any CPU
		{508479EC-DD20-46C0-9ECA-41D01F95BB18}.Release|Any CPU.ActiveCfg = Release|Any CPU
		{508479EC-DD20-46C0-9ECA-41D01F95BB18}.Release|Any CPU.Build.0 = Release|Any CPU
		{FF38D9A4-02D4-8C77-F678-F683C1219D15}.Debug|Any CPU.ActiveCfg = Debug|Any CPU
		{FF38D9A4-02D4-8C77-F678-F683C1219D15}.Debug|Any CPU.Build.0 = Debug|Any CPU
		{FF38D9A4-02D4-8C77-F678-F683C1219D15}.Release|Any CPU.ActiveCfg = Release|Any CPU
		{FF38D9A4-02D4-8C77-F678-F683C1219D15}.Release|Any CPU.Build.0 = Release|Any CPU
	EndGlobalSection
	GlobalSection(SolutionProperties) = preSolution
		HideSolutionNode = FALSE
	EndGlobalSection
	GlobalSection(NestedProjects) = preSolution
		{007D4AC8-948F-4816-86AD-B9D1343672C1} = {91DA877F-E437-42C9-8FE5-E3709721BB8B}
		{6FFD9212-4B07-4FB0-A2BE-58D9C8D35D22} = {02EA681E-C7D8-13C7-8484-4AC65E1B71E8}
	EndGlobalSection
	GlobalSection(ExtensibilityGlobals) = postSolution
		SolutionGuid = {DC9B8990-422B-40EC-B51C-5F63F52A37BD}
	EndGlobalSection
EndGlobal
